
Microsoft Visual Studio Solution File, Format Version 12.00
# Visual Studio Version 17
VisualStudioVersion = 17.6.33829.357
MinimumVisualStudioVersion = 10.0.40219.1
Project("{FAE04EC0-301F-11D3-BF4B-00C04F79EFBC}") = "ComputerAverageApp", "ComputerAverageApp\ComputerAverageApp.csproj", "{F7053F89-F7C9-46B1-920D-B1B73F877859}"
EndProject
Global
	GlobalSection(SolutionConfigurationPlatforms) = preSolution
		Debug|Any CPU = Debug|Any CPU
		Release|Any CPU = Release|Any CPU
	EndGlobalSection
	GlobalSection(ProjectConfigurationPlatforms) = postSolution
		{F7053F89-F7C9-46B1-920D-B1B73F877859}.Debug|Any CPU.ActiveCfg = Debug|Any CPU
		{F7053F89-F7C9-46B1-920D-B1B73F877859}.Debug|Any CPU.Build.0 = Debug|Any CPU
		{F7053F89-F7C9-46B1-920D-B1B73F877859}.Release|Any CPU.ActiveCfg = Release|Any CPU
		{F7053F89-F7C9-46B1-920D-B1B73F877859}.Release|Any CPU.Build.0 = Release|Any CPU
	EndGlobalSection
	GlobalSection(SolutionProperties) = preSolution
		HideSolutionNode = FALSE
	EndGlobalSection
	GlobalSection(ExtensibilityGlobals) = postSolution
		SolutionGuid = {2D0B7267-11A0-4572-B32E-1CAC2282764E}
	EndGlobalSection
EndGlobal
